
Microsoft Visual Studio Solution File, Format Version 12.00
# Visual Studio Version 16
VisualStudioVersion = 16.0.29509.3
MinimumVisualStudioVersion = 10.0.40219.1
Project("{9A19103F-16F7-4668-BE54-9A1E7A4F7556}") = "Etl", "Etl.csproj", "{C7EFEFD4-0B8C-4E98-ACB4-C28D83B552AD}"
EndProject
Global
	GlobalSection(SolutionConfigurationPlatforms) = preSolution
		Debug|Any CPU = Debug|Any CPU
		Release|Any CPU = Release|Any CPU
	EndGlobalSection
	GlobalSection(ProjectConfigurationPlatforms) = postSolution
		{C7EFEFD4-0B8C-4E98-ACB4-C28D83B552AD}.Debug|Any CPU.ActiveCfg = Debug|Any CPU
		{C7EFEFD4-0B8C-4E98-ACB4-C28D83B552AD}.Debug|Any CPU.Build.0 = Debug|Any CPU
		{C7EFEFD4-0B8C-4E98-ACB4-C28D83B552AD}.Release|Any CPU.ActiveCfg = Release|Any CPU
		{C7EFEFD4-0B8C-4E98-ACB4-C28D83B552AD}.Release|Any CPU.Build.0 = Release|Any CPU
	EndGlobalSection
	GlobalSection(SolutionProperties) = preSolution
		HideSolutionNode = FALSE
	EndGlobalSection
	GlobalSection(ExtensibilityGlobals) = postSolution
		SolutionGuid = {5A919576-6766-4AA2-95D9-6623052BD850}
	EndGlobalSection
EndGlobal
