
Microsoft Visual Studio Solution File, Format Version 12.00
# Visual Studio Version 16
VisualStudioVersion = 16.0.29509.3
MinimumVisualStudioVersion = 10.0.40219.1
Project("{9A19103F-16F7-4668-BE54-9A1E7A4F7556}") = "Darts", "Darts.csproj", "{3DDD00D7-4E9E-4CB2-9076-D806A8176574}"
EndProject
Global
	GlobalSection(SolutionConfigurationPlatforms) = preSolution
		Debug|Any CPU = Debug|Any CPU
		Release|Any CPU = Release|Any CPU
	EndGlobalSection
	GlobalSection(ProjectConfigurationPlatforms) = postSolution
		{3DDD00D7-4E9E-4CB2-9076-D806A8176574}.Debug|Any CPU.ActiveCfg = Debug|Any CPU
		{3DDD00D7-4E9E-4CB2-9076-D806A8176574}.Debug|Any CPU.Build.0 = Debug|Any CPU
		{3DDD00D7-4E9E-4CB2-9076-D806A8176574}.Release|Any CPU.ActiveCfg = Release|Any CPU
		{3DDD00D7-4E9E-4CB2-9076-D806A8176574}.Release|Any CPU.Build.0 = Release|Any CPU
	EndGlobalSection
	GlobalSection(SolutionProperties) = preSolution
		HideSolutionNode = FALSE
	EndGlobalSection
	GlobalSection(ExtensibilityGlobals) = postSolution
		SolutionGuid = {C2F372BC-36FD-4918-8275-38F8242384D8}
	EndGlobalSection
EndGlobal
