
Microsoft Visual Studio Solution File, Format Version 12.00
# Visual Studio Version 16
VisualStudioVersion = 16.0.29509.3
MinimumVisualStudioVersion = 10.0.40219.1
Project("{9A19103F-16F7-4668-BE54-9A1E7A4F7556}") = "Triangle", "Triangle.csproj", "{B682E108-FECD-4EEA-AD52-0250D4C4C9D2}"
EndProject
Global
	GlobalSection(SolutionConfigurationPlatforms) = preSolution
		Debug|Any CPU = Debug|Any CPU
		Release|Any CPU = Release|Any CPU
	EndGlobalSection
	GlobalSection(ProjectConfigurationPlatforms) = postSolution
		{B682E108-FECD-4EEA-AD52-0250D4C4C9D2}.Debug|Any CPU.ActiveCfg = Debug|Any CPU
		{B682E108-FECD-4EEA-AD52-0250D4C4C9D2}.Debug|Any CPU.Build.0 = Debug|Any CPU
		{B682E108-FECD-4EEA-AD52-0250D4C4C9D2}.Release|Any CPU.ActiveCfg = Release|Any CPU
		{B682E108-FECD-4EEA-AD52-0250D4C4C9D2}.Release|Any CPU.Build.0 = Release|Any CPU
	EndGlobalSection
	GlobalSection(SolutionProperties) = preSolution
		HideSolutionNode = FALSE
	EndGlobalSection
	GlobalSection(ExtensibilityGlobals) = postSolution
		SolutionGuid = {4DC35638-3846-450D-9C8F-8BF31C64DCD2}
	EndGlobalSection
EndGlobal
