
Microsoft Visual Studio Solution File, Format Version 12.00
# Visual Studio Version 16
VisualStudioVersion = 16.0.29509.3
MinimumVisualStudioVersion = 10.0.40219.1
Project("{9A19103F-16F7-4668-BE54-9A1E7A4F7556}") = "PhoneNumber", "PhoneNumber.csproj", "{BD374AF9-35E3-47A4-A67C-B65FCD524591}"
EndProject
Global
	GlobalSection(SolutionConfigurationPlatforms) = preSolution
		Debug|Any CPU = Debug|Any CPU
		Release|Any CPU = Release|Any CPU
	EndGlobalSection
	GlobalSection(ProjectConfigurationPlatforms) = postSolution
		{BD374AF9-35E3-47A4-A67C-B65FCD524591}.Debug|Any CPU.ActiveCfg = Debug|Any CPU
		{BD374AF9-35E3-47A4-A67C-B65FCD524591}.Debug|Any CPU.Build.0 = Debug|Any CPU
		{BD374AF9-35E3-47A4-A67C-B65FCD524591}.Release|Any CPU.ActiveCfg = Release|Any CPU
		{BD374AF9-35E3-47A4-A67C-B65FCD524591}.Release|Any CPU.Build.0 = Release|Any CPU
	EndGlobalSection
	GlobalSection(SolutionProperties) = preSolution
		HideSolutionNode = FALSE
	EndGlobalSection
	GlobalSection(ExtensibilityGlobals) = postSolution
		SolutionGuid = {DBA2C218-BCA6-4EC5-9C0A-98C1C463EC3F}
	EndGlobalSection
EndGlobal
