
Microsoft Visual Studio Solution File, Format Version 12.00
# Visual Studio Version 16
VisualStudioVersion = 16.0.29509.3
MinimumVisualStudioVersion = 10.0.40219.1
Project("{9A19103F-16F7-4668-BE54-9A1E7A4F7556}") = "DifferenceOfSquares", "DifferenceOfSquares.csproj", "{C20C0A92-7747-46D5-A8F6-11C1C49943BB}"
EndProject
Global
	GlobalSection(SolutionConfigurationPlatforms) = preSolution
		Debug|Any CPU = Debug|Any CPU
		Release|Any CPU = Release|Any CPU
	EndGlobalSection
	GlobalSection(ProjectConfigurationPlatforms) = postSolution
		{C20C0A92-7747-46D5-A8F6-11C1C49943BB}.Debug|Any CPU.ActiveCfg = Debug|Any CPU
		{C20C0A92-7747-46D5-A8F6-11C1C49943BB}.Debug|Any CPU.Build.0 = Debug|Any CPU
		{C20C0A92-7747-46D5-A8F6-11C1C49943BB}.Release|Any CPU.ActiveCfg = Release|Any CPU
		{C20C0A92-7747-46D5-A8F6-11C1C49943BB}.Release|Any CPU.Build.0 = Release|Any CPU
	EndGlobalSection
	GlobalSection(SolutionProperties) = preSolution
		HideSolutionNode = FALSE
	EndGlobalSection
	GlobalSection(ExtensibilityGlobals) = postSolution
		SolutionGuid = {8CCD25FF-BD81-4803-8F16-4DB65AF3C68B}
	EndGlobalSection
EndGlobal
