
Microsoft Visual Studio Solution File, Format Version 12.00
# Visual Studio Version 16
VisualStudioVersion = 16.0.29509.3
MinimumVisualStudioVersion = 10.0.40219.1
Project("{9A19103F-16F7-4668-BE54-9A1E7A4F7556}") = "TwoFer", "TwoFer.csproj", "{723EEEF2-2FBA-4B84-ACE8-2FD82A675272}"
EndProject
Global
	GlobalSection(SolutionConfigurationPlatforms) = preSolution
		Debug|Any CPU = Debug|Any CPU
		Release|Any CPU = Release|Any CPU
	EndGlobalSection
	GlobalSection(ProjectConfigurationPlatforms) = postSolution
		{723EEEF2-2FBA-4B84-ACE8-2FD82A675272}.Debug|Any CPU.ActiveCfg = Debug|Any CPU
		{723EEEF2-2FBA-4B84-ACE8-2FD82A675272}.Debug|Any CPU.Build.0 = Debug|Any CPU
		{723EEEF2-2FBA-4B84-ACE8-2FD82A675272}.Release|Any CPU.ActiveCfg = Release|Any CPU
		{723EEEF2-2FBA-4B84-ACE8-2FD82A675272}.Release|Any CPU.Build.0 = Release|Any CPU
	EndGlobalSection
	GlobalSection(SolutionProperties) = preSolution
		HideSolutionNode = FALSE
	EndGlobalSection
	GlobalSection(ExtensibilityGlobals) = postSolution
		SolutionGuid = {B602AE8E-93D3-48AE-92EC-58A08BAAAFF5}
	EndGlobalSection
EndGlobal
