
Microsoft Visual Studio Solution File, Format Version 12.00
# Visual Studio Version 16
VisualStudioVersion = 16.0.29509.3
MinimumVisualStudioVersion = 10.0.40219.1
Project("{9A19103F-16F7-4668-BE54-9A1E7A4F7556}") = "Meetup", "Meetup.csproj", "{370974FF-D588-45F5-95DD-5F1367C5C733}"
EndProject
Global
	GlobalSection(SolutionConfigurationPlatforms) = preSolution
		Debug|Any CPU = Debug|Any CPU
		Release|Any CPU = Release|Any CPU
	EndGlobalSection
	GlobalSection(ProjectConfigurationPlatforms) = postSolution
		{370974FF-D588-45F5-95DD-5F1367C5C733}.Debug|Any CPU.ActiveCfg = Debug|Any CPU
		{370974FF-D588-45F5-95DD-5F1367C5C733}.Debug|Any CPU.Build.0 = Debug|Any CPU
		{370974FF-D588-45F5-95DD-5F1367C5C733}.Release|Any CPU.ActiveCfg = Release|Any CPU
		{370974FF-D588-45F5-95DD-5F1367C5C733}.Release|Any CPU.Build.0 = Release|Any CPU
	EndGlobalSection
	GlobalSection(SolutionProperties) = preSolution
		HideSolutionNode = FALSE
	EndGlobalSection
	GlobalSection(ExtensibilityGlobals) = postSolution
		SolutionGuid = {306FFFC4-A2EB-41B8-9ED8-F18C217F1661}
	EndGlobalSection
EndGlobal
