
Microsoft Visual Studio Solution File, Format Version 12.00
# Visual Studio Version 16
VisualStudioVersion = 16.0.29509.3
MinimumVisualStudioVersion = 10.0.40219.1
Project("{9A19103F-16F7-4668-BE54-9A1E7A4F7556}") = "PerfectNumbers", "PerfectNumbers.csproj", "{A30509FB-44AF-4808-8072-117DD254FD1E}"
EndProject
Global
	GlobalSection(SolutionConfigurationPlatforms) = preSolution
		Debug|Any CPU = Debug|Any CPU
		Release|Any CPU = Release|Any CPU
	EndGlobalSection
	GlobalSection(ProjectConfigurationPlatforms) = postSolution
		{A30509FB-44AF-4808-8072-117DD254FD1E}.Debug|Any CPU.ActiveCfg = Debug|Any CPU
		{A30509FB-44AF-4808-8072-117DD254FD1E}.Debug|Any CPU.Build.0 = Debug|Any CPU
		{A30509FB-44AF-4808-8072-117DD254FD1E}.Release|Any CPU.ActiveCfg = Release|Any CPU
		{A30509FB-44AF-4808-8072-117DD254FD1E}.Release|Any CPU.Build.0 = Release|Any CPU
	EndGlobalSection
	GlobalSection(SolutionProperties) = preSolution
		HideSolutionNode = FALSE
	EndGlobalSection
	GlobalSection(ExtensibilityGlobals) = postSolution
		SolutionGuid = {D84A4202-2DBD-4966-A1CD-7AD8093BA361}
	EndGlobalSection
EndGlobal
