
Microsoft Visual Studio Solution File, Format Version 12.00
# Visual Studio Version 16
VisualStudioVersion = 16.0.29509.3
MinimumVisualStudioVersion = 10.0.40219.1
Project("{9A19103F-16F7-4668-BE54-9A1E7A4F7556}") = "PascalsTriangle", "PascalsTriangle.csproj", "{2040CB1E-D713-4EB5-AB60-CB6B746F2880}"
EndProject
Global
	GlobalSection(SolutionConfigurationPlatforms) = preSolution
		Debug|Any CPU = Debug|Any CPU
		Release|Any CPU = Release|Any CPU
	EndGlobalSection
	GlobalSection(ProjectConfigurationPlatforms) = postSolution
		{2040CB1E-D713-4EB5-AB60-CB6B746F2880}.Debug|Any CPU.ActiveCfg = Debug|Any CPU
		{2040CB1E-D713-4EB5-AB60-CB6B746F2880}.Debug|Any CPU.Build.0 = Debug|Any CPU
		{2040CB1E-D713-4EB5-AB60-CB6B746F2880}.Release|Any CPU.ActiveCfg = Release|Any CPU
		{2040CB1E-D713-4EB5-AB60-CB6B746F2880}.Release|Any CPU.Build.0 = Release|Any CPU
	EndGlobalSection
	GlobalSection(SolutionProperties) = preSolution
		HideSolutionNode = FALSE
	EndGlobalSection
	GlobalSection(ExtensibilityGlobals) = postSolution
		SolutionGuid = {EB9EEB18-7DCB-4345-92ED-B6078C20C22F}
	EndGlobalSection
EndGlobal
